
Microsoft Visual Studio Solution File, Format Version 12.00
# Visual Studio 2017
Project("{FAE04EC0-301F-11D3-BF4B-00C04F79EFBC}") = "Fru", "Fru.csproj", "{C156CEC7-D90A-1DF2-A900-820C88EE40E1}"
EndProject
Project("{FAE04EC0-301F-11D3-BF4B-00C04F79EFBC}") = "Fru.Plugins", "Fru.Plugins.csproj", "{9114AAEF-9048-266E-31EF-4BB4FE6C711D}"
EndProject
Project("{FAE04EC0-301F-11D3-BF4B-00C04F79EFBC}") = "Fru.Editor.Plugins", "Fru.Editor.Plugins.csproj", "{26865A83-D1FC-51E5-314F-76E9C2C74008}"
EndProject
Global
	GlobalSection(SolutionConfigurationPlatforms) = preSolution
		Debug|Any CPU = Debug|Any CPU
		Release|Any CPU = Release|Any CPU
	EndGlobalSection
	GlobalSection(ProjectConfigurationPlatforms) = postSolution
		{C156CEC7-D90A-1DF2-A900-820C88EE40E1}.Debug|Any CPU.ActiveCfg = Debug|Any CPU
		{C156CEC7-D90A-1DF2-A900-820C88EE40E1}.Debug|Any CPU.Build.0 = Debug|Any CPU
		{C156CEC7-D90A-1DF2-A900-820C88EE40E1}.Release|Any CPU.ActiveCfg = Release|Any CPU
		{C156CEC7-D90A-1DF2-A900-820C88EE40E1}.Release|Any CPU.Build.0 = Release|Any CPU
		{9114AAEF-9048-266E-31EF-4BB4FE6C711D}.Debug|Any CPU.ActiveCfg = Debug|Any CPU
		{9114AAEF-9048-266E-31EF-4BB4FE6C711D}.Debug|Any CPU.Build.0 = Debug|Any CPU
		{9114AAEF-9048-266E-31EF-4BB4FE6C711D}.Release|Any CPU.ActiveCfg = Release|Any CPU
		{9114AAEF-9048-266E-31EF-4BB4FE6C711D}.Release|Any CPU.Build.0 = Release|Any CPU
		{26865A83-D1FC-51E5-314F-76E9C2C74008}.Debug|Any CPU.ActiveCfg = Debug|Any CPU
		{26865A83-D1FC-51E5-314F-76E9C2C74008}.Debug|Any CPU.Build.0 = Debug|Any CPU
		{26865A83-D1FC-51E5-314F-76E9C2C74008}.Release|Any CPU.ActiveCfg = Release|Any CPU
		{26865A83-D1FC-51E5-314F-76E9C2C74008}.Release|Any CPU.Build.0 = Release|Any CPU
	EndGlobalSection
	GlobalSection(SolutionProperties) = preSolution
		HideSolutionNode = FALSE
	EndGlobalSection
EndGlobal
